<?xml version="1.0" encoding="utf-8"?>
<Project ToolsVersion="17.0" xmlns="http://schemas.microsoft.com/developer/msbuild/2003">
  <ItemGroup>
    <ClCompile Include="C:\Mac\Home\Documents\Git\NDI to Spout Bridge\src\main.cpp">
      <Filter>Source Files</Filter>
    </ClCompile>
  </ItemGroup>
  <ItemGroup>
    <CustomBuild Include="C:\Mac\Home\Documents\Git\NDI to Spout Bridge\CMakeLists.txt" />
  </ItemGroup>
  <ItemGroup>
    <ResourceCompile Include="C:\Mac\Home\Documents\Git\NDI to Spout Bridge\src\resource.rc">
      <Filter>Source Files</Filter>
    </ResourceCompile>
  </ItemGroup>
  <ItemGroup>
    <Filter Include="Source Files">
      <UniqueIdentifier>{1AF7020B-E901-33A1-AEA9-C42A02D63452}</UniqueIdentifier>
    </Filter>
  </ItemGroup>
</Project>
