<?xml version="1.0" encoding="utf-8"?>
<Project ToolsVersion="17.0" xmlns="http://schemas.microsoft.com/developer/msbuild/2003">
  <ItemGroup>
    <CustomBuild Include="C:\Mac\Home\Documents\Git\NDI to Spout Bridge\CMakeFiles\a07ccbd8fc850794e5d4d6df27139632\generate.stamp.rule">
      <Filter>CMake Rules</Filter>
    </CustomBuild>
  </ItemGroup>
  <ItemGroup>
    <Filter Include="CMake Rules">
      <UniqueIdentifier>{A563933F-6B40-3C1D-96F8-EF89EE415B8F}</UniqueIdentifier>
    </Filter>
  </ItemGroup>
</Project>
